
Microsoft Visual Studio Solution File, Format Version 12.00
# Visual Studio Version 17
VisualStudioVersion = 17.3.32901.215
MinimumVisualStudioVersion = 10.0.40219.1
Project("{FAE04EC0-301F-11D3-BF4B-00C04F79EFBC}") = "bölüm1uygulam7", "bölüm1uygulam7\bölüm1uygulam7.csproj", "{3B3224D8-663D-4362-AD85-7EE0CF2CD57B}"
EndProject
Global
	GlobalSection(SolutionConfigurationPlatforms) = preSolution
		Debug|Any CPU = Debug|Any CPU
		Release|Any CPU = Release|Any CPU
	EndGlobalSection
	GlobalSection(ProjectConfigurationPlatforms) = postSolution
		{3B3224D8-663D-4362-AD85-7EE0CF2CD57B}.Debug|Any CPU.ActiveCfg = Debug|Any CPU
		{3B3224D8-663D-4362-AD85-7EE0CF2CD57B}.Debug|Any CPU.Build.0 = Debug|Any CPU
		{3B3224D8-663D-4362-AD85-7EE0CF2CD57B}.Release|Any CPU.ActiveCfg = Release|Any CPU
		{3B3224D8-663D-4362-AD85-7EE0CF2CD57B}.Release|Any CPU.Build.0 = Release|Any CPU
	EndGlobalSection
	GlobalSection(SolutionProperties) = preSolution
		HideSolutionNode = FALSE
	EndGlobalSection
	GlobalSection(ExtensibilityGlobals) = postSolution
		SolutionGuid = {581086E7-3709-44FA-A333-CA5C7BA53F3A}
	EndGlobalSection
EndGlobal
